
Microsoft Visual Studio Solution File, Format Version 12.00
# Visual Studio Version 17
VisualStudioVersion = 17.8.34330.188
MinimumVisualStudioVersion = 10.0.40219.1
Project("{9A19103F-16F7-4668-BE54-9A1E7A4F7556}") = "TravelMateAPI", "TravelMateAPI\TravelMateAPI.csproj", "{F629B371-F02A-44F6-A1CA-72C8CAA9147B}"
EndProject
Project("{9A19103F-16F7-4668-BE54-9A1E7A4F7556}") = "DataAccess", "DataAccess\DataAccess.csproj", "{03FBF061-B83E-4D96-A950-A3C8F7638819}"
EndProject
Project("{9A19103F-16F7-4668-BE54-9A1E7A4F7556}") = "BussinessObjects", "BussinessObjects\BussinessObjects.csproj", "{4C996072-6FCF-47B4-9BB3-A1389AC8B259}"
EndProject
Project("{9A19103F-16F7-4668-BE54-9A1E7A4F7556}") = "Repositories", "Repositories\Repositories.csproj", "{C53CE285-8EA7-4432-8BAD-44AA9BADA83F}"
EndProject
Global
	GlobalSection(SolutionConfigurationPlatforms) = preSolution
		Debug|Any CPU = Debug|Any CPU
		Release|Any CPU = Release|Any CPU
	EndGlobalSection
	GlobalSection(ProjectConfigurationPlatforms) = postSolution
		{F629B371-F02A-44F6-A1CA-72C8CAA9147B}.Debug|Any CPU.ActiveCfg = Debug|Any CPU
		{F629B371-F02A-44F6-A1CA-72C8CAA9147B}.Debug|Any CPU.Build.0 = Debug|Any CPU
		{F629B371-F02A-44F6-A1CA-72C8CAA9147B}.Release|Any CPU.ActiveCfg = Release|Any CPU
		{F629B371-F02A-44F6-A1CA-72C8CAA9147B}.Release|Any CPU.Build.0 = Release|Any CPU
		{03FBF061-B83E-4D96-A950-A3C8F7638819}.Debug|Any CPU.ActiveCfg = Debug|Any CPU
		{03FBF061-B83E-4D96-A950-A3C8F7638819}.Release|Any CPU.ActiveCfg = Release|Any CPU
		{03FBF061-B83E-4D96-A950-A3C8F7638819}.Release|Any CPU.Build.0 = Release|Any CPU
		{4C996072-6FCF-47B4-9BB3-A1389AC8B259}.Debug|Any CPU.ActiveCfg = Debug|Any CPU
		{4C996072-6FCF-47B4-9BB3-A1389AC8B259}.Release|Any CPU.ActiveCfg = Release|Any CPU
		{4C996072-6FCF-47B4-9BB3-A1389AC8B259}.Release|Any CPU.Build.0 = Release|Any CPU
		{C53CE285-8EA7-4432-8BAD-44AA9BADA83F}.Debug|Any CPU.ActiveCfg = Debug|Any CPU
		{C53CE285-8EA7-4432-8BAD-44AA9BADA83F}.Release|Any CPU.ActiveCfg = Release|Any CPU
		{C53CE285-8EA7-4432-8BAD-44AA9BADA83F}.Release|Any CPU.Build.0 = Release|Any CPU
	EndGlobalSection
	GlobalSection(SolutionProperties) = preSolution
		HideSolutionNode = FALSE
	EndGlobalSection
	GlobalSection(ExtensibilityGlobals) = postSolution
		SolutionGuid = {FA67FFDF-D261-4958-880E-C9239617BFDE}
	EndGlobalSection
EndGlobal
